
Microsoft Visual Studio Solution File, Format Version 12.00
# Visual Studio Version 17
VisualStudioVersion = 17.2.32630.192
MinimumVisualStudioVersion = 10.0.40219.1
Project("{9A19103F-16F7-4668-BE54-9A1E7A4F7556}") = "Tests.Functional", "Tests.Functional\Tests.Functional.csproj", "{F867B71D-358E-48D0-80FE-1E987563FE57}"
EndProject
Project("{FAE04EC0-301F-11D3-BF4B-00C04F79EFBC}") = "Tests.API", "Tests.API\Tests.API.csproj", "{D10F796C-A333-43C3-BFBD-6C1BF52666E2}"
EndProject
Global
	GlobalSection(SolutionConfigurationPlatforms) = preSolution
		Debug|Any CPU = Debug|Any CPU
		Release|Any CPU = Release|Any CPU
	EndGlobalSection
	GlobalSection(ProjectConfigurationPlatforms) = postSolution
		{F867B71D-358E-48D0-80FE-1E987563FE57}.Debug|Any CPU.ActiveCfg = Debug|Any CPU
		{F867B71D-358E-48D0-80FE-1E987563FE57}.Debug|Any CPU.Build.0 = Debug|Any CPU
		{F867B71D-358E-48D0-80FE-1E987563FE57}.Release|Any CPU.ActiveCfg = Release|Any CPU
		{F867B71D-358E-48D0-80FE-1E987563FE57}.Release|Any CPU.Build.0 = Release|Any CPU
		{D10F796C-A333-43C3-BFBD-6C1BF52666E2}.Debug|Any CPU.ActiveCfg = Debug|Any CPU
		{D10F796C-A333-43C3-BFBD-6C1BF52666E2}.Debug|Any CPU.Build.0 = Debug|Any CPU
		{D10F796C-A333-43C3-BFBD-6C1BF52666E2}.Release|Any CPU.ActiveCfg = Release|Any CPU
		{D10F796C-A333-43C3-BFBD-6C1BF52666E2}.Release|Any CPU.Build.0 = Release|Any CPU
	EndGlobalSection
	GlobalSection(SolutionProperties) = preSolution
		HideSolutionNode = FALSE
	EndGlobalSection
	GlobalSection(ExtensibilityGlobals) = postSolution
		SolutionGuid = {C36E30CF-F1E6-4974-86DA-628B3047CB87}
	EndGlobalSection
EndGlobal
